// !$*UTF8*$!
{
	archiveVersion = 1;
	classes = {
	};
	objectVersion = 48;
	objects = {

/* Begin PBXBuildFile section */
		0D9EF5942154DE0F0029A5DE /* ViewController2.m in Sources */ = {isa = PBXBuildFile; fileRef = 0D9EF5932154DE0F0029A5DE /* ViewController2.m */; };
		0DAC5F392134D6880008B4AC /* AppDelegate.m in Sources */ = {isa = PBXBuildFile; fileRef = 0DAC5F382134D6880008B4AC /* AppDelegate.m */; };
		0DAC5F3C2134D6880008B4AC /* ViewController.m in Sources */ = {isa = PBXBuildFile; fileRef = 0DAC5F3B2134D6880008B4AC /* ViewController.m */; };
		0DAC5F3F2134D6880008B4AC /* Main.storyboard in Resources */ = {isa = PBXBuildFile; fileRef = 0DAC5F3D2134D6880008B4AC /* Main.storyboard */; };
		0DAC5F412134D6880008B4AC /* Assets.xcassets in Resources */ = {isa = PBXBuildFile; fileRef = 0DAC5F402134D6880008B4AC /* Assets.xcassets */; };
		0DAC5F442134D6880008B4AC /* LaunchScreen.storyboard in Resources */ = {isa = PBXBuildFile; fileRef = 0DAC5F422134D6880008B4AC /* LaunchScreen.storyboard */; };
		0DAC5F472134D6880008B4AC /* main.m in Sources */ = {isa = PBXBuildFile; fileRef = 0DAC5F462134D6880008B4AC /* main.m */; };
/* End PBXBuildFile section */

/* Begin PBXFileReference section */
		0D9EF5922154DE0F0029A5DE /* ViewController2.h */ = {isa = PBXFileReference; lastKnownFileType = sourcecode.c.h; path = ViewController2.h; sourceTree = "<group>"; };
		0D9EF5932154DE0F0029A5DE /* ViewController2.m */ = {isa = PBXFileReference; lastKnownFileType = sourcecode.c.objc; path = ViewController2.m; sourceTree = "<group>"; };
		0DAC5F342134D6880008B4AC /* LittleDemo.app */ = {isa = PBXFileReference; explicitFileType = wrapper.application; includeInIndex = 0; path = LittleDemo.app; sourceTree = BUILT_PRODUCTS_DIR; };
		0DAC5F372134D6880008B4AC /* AppDelegate.h */ = {isa = PBXFileReference; lastKnownFileType = sourcecode.c.h; path = AppDelegate.h; sourceTree = "<group>"; };
		0DAC5F382134D6880008B4AC /* AppDelegate.m */ = {isa = PBXFileReference; lastKnownFileType = sourcecode.c.objc; path = AppDelegate.m; sourceTree = "<group>"; };
		0DAC5F3A2134D6880008B4AC /* ViewController.h */ = {isa = PBXFileReference; lastKnownFileType = sourcecode.c.h; path = ViewController.h; sourceTree = "<group>"; };
		0DAC5F3B2134D6880008B4AC /* ViewController.m */ = {isa = PBXFileReference; lastKnownFileType = sourcecode.c.objc; path = ViewController.m; sourceTree = "<group>"; };
		0DAC5F3E2134D6880008B4AC /* Base */ = {isa = PBXFileReference; lastKnownFileType = file.storyboard; name = Base; path = Base.lproj/Main.storyboard; sourceTree = "<group>"; };
		0DAC5F402134D6880008B4AC /* Assets.xcassets */ = {isa = PBXFileReference; lastKnownFileType = folder.assetcatalog; path = Assets.xcassets; sourceTree = "<group>"; };
		0DAC5F432134D6880008B4AC /* Base */ = {isa = PBXFileReference; lastKnownFileType = file.storyboard; name = Base; path = Base.lproj/LaunchScreen.storyboard; sourceTree = "<group>"; };
		0DAC5F452134D6880008B4AC /* Info.plist */ = {isa = PBXFileReference; lastKnownFileType = text.plist.xml; path = Info.plist; sourceTree = "<group>"; };
		0DAC5F462134D6880008B4AC /* main.m */ = {isa = PBXFileReference; lastKnownFileType = sourcecode.c.objc; path = main.m; sourceTree = "<group>"; };
/* End PBXFileReference section */

/* Begin PBXFrameworksBuildPhase section */
		0DAC5F312134D6880008B4AC /* Frameworks */ = {
			isa = PBXFrameworksBuildPhase;
			buildActionMask = 2147483647;
			files = (
			);
			runOnlyForDeploymentPostprocessing = 0;
		};
/* End PBXFrameworksBuildPhase section */

/* Begin PBXGroup section */
		0DAC5F2B2134D6880008B4AC = {
			isa = PBXGroup;
			children = (
				0DAC5F362134D6880008B4AC /* LittleDemo */,
				0DAC5F352134D6880008B4AC /* Products */,
			);
			sourceTree = "<group>";
		};
		0DAC5F352134D6880008B4AC /* Products */ = {
			isa = PBXGroup;
			children = (
				0DAC5F342134D6880008B4AC /* LittleDemo.app */,
			);
			name = Products;
			sourceTree = "<group>";
		};
		0DAC5F362134D6880008B4AC /* LittleDemo */ = {
			isa = PBXGroup;
			children = (
				0DAC5F372134D6880008B4AC /* AppDelegate.h */,
				0DAC5F382134D6880008B4AC /* AppDelegate.m */,
				0DAC5F3A2134D6880008B4AC /* ViewController.h */,
				0DAC5F3B2134D6880008B4AC /* ViewController.m */,
				0DAC5F3D2134D6880008B4AC /* Main.storyboard */,
				0DAC5F402134D6880008B4AC /* Assets.xcassets */,
				0DAC5F422134D6880008B4AC /* LaunchScreen.storyboard */,
				0DAC5F452134D6880008B4AC /* Info.plist */,
				0DAC5F462134D6880008B4AC /* main.m */,
				0D9EF5922154DE0F0029A5DE /* ViewController2.h */,
				0D9EF5932154DE0F0029A5DE /* ViewController2.m */,
			);
			path = LittleDemo;
			sourceTree = "<group>";
		};
/* End PBXGroup section */

/* Begin PBXNativeTarget section */
		0DAC5F332134D6880008B4AC /* LittleDemo */ = {
			isa = PBXNativeTarget;
			buildConfigurationList = 0DAC5F4A2134D6880008B4AC /* Build configuration list for PBXNativeTarget "LittleDemo" */;
			buildPhases = (
				0DAC5F302134D6880008B4AC /* Sources */,
				0DAC5F312134D6880008B4AC /* Frameworks */,
				0DAC5F322134D6880008B4AC /* Resources */,
			);
			buildRules = (
			);
			dependencies = (
			);
			name = LittleDemo;
			productName = LittleDemo;
			productReference = 0DAC5F342134D6880008B4AC /* LittleDemo.app */;
			productType = "com.apple.product-type.application";
		};
/* End PBXNativeTarget section */

/* Begin PBXProject section */
		0DAC5F2C2134D6880008B4AC /* Project object */ = {
			isa = PBXProject;
			attributes = {
				LastUpgradeCheck = 0920;
				ORGANIZATIONNAME = "zkml－wxj";
				TargetAttributes = {
					0DAC5F332134D6880008B4AC = {
						CreatedOnToolsVersion = 9.2;
						ProvisioningStyle = Automatic;
					};
				};
			};
			buildConfigurationList = 0DAC5F2F2134D6880008B4AC /* Build configuration list for PBXProject "LittleDemo" */;
			compatibilityVersion = "Xcode 8.0";
			developmentRegion = en;
			hasScannedForEncodings = 0;
			knownRegions = (
				en,
				Base,
			);
			mainGroup = 0DAC5F2B2134D6880008B4AC;
			productRefGroup = 0DAC5F352134D6880008B4AC /* Products */;
			projectDirPath = "";
			projectRoot = "";
			targets = (
				0DAC5F332134D6880008B4AC /* LittleDemo */,
			);
		};
/* End PBXProject section */

/* Begin PBXResourcesBuildPhase section */
		0DAC5F322134D6880008B4AC /* Resources */ = {
			isa = PBXResourcesBuildPhase;
			buildActionMask = 2147483647;
			files = (
				0DAC5F442134D6880008B4AC /* LaunchScreen.storyboard in Resources */,
				0DAC5F412134D6880008B4AC /* Assets.xcassets in Resources */,
				0DAC5F3F2134D6880008B4AC /* Main.storyboard in Resources */,
			);
			runOnlyForDeploymentPostprocessing = 0;
		};
/* End PBXResourcesBuildPhase section */

/* Begin PBXSourcesBuildPhase section */
		0DAC5F302134D6880008B4AC /* Sources */ = {
			isa = PBXSourcesBuildPhase;
			buildActionMask = 2147483647;
			files = (
				0DAC5F3C2134D6880008B4AC /* ViewController.m in Sources */,
				0D9EF5942154DE0F0029A5DE /* ViewController2.m in Sources */,
				0DAC5F472134D6880008B4AC /* main.m in Sources */,
				0DAC5F392134D6880008B4AC /* AppDelegate.m in Sources */,
			);
			runOnlyForDeploymentPostprocessing = 0;
		};
/* End PBXSourcesBuildPhase section */

/* Begin PBXVariantGroup section */
		0DAC5F3D2134D6880008B4AC /* Main.storyboard */ = {
			isa = PBXVariantGroup;
			children = (
				0DAC5F3E2134D6880008B4AC /* Base */,
			);
			name = Main.storyboard;
			sourceTree = "<group>";
		};
		0DAC5F422134D6880008B4AC /* LaunchScreen.storyboard */ = {
			isa = PBXVariantGroup;
			children = (
				0DAC5F432134D6880008B4AC /* Base */,
			);
			name = LaunchScreen.storyboard;
			sourceTree = "<group>";
		};
/* End PBXVariantGroup section */

/* Begin XCBuildConfiguration section */
		0DAC5F482134D6880008B4AC /* Debug */ = {
			isa = XCBuildConfiguration;
			buildSettings = {
				ALWAYS_SEARCH_USER_PATHS = NO;
				CLANG_ANALYZER_NONNULL = YES;
				CLANG_ANALYZER_NUMBER_OBJECT_CONVERSION = YES_AGGRESSIVE;
				CLANG_CXX_LANGUAGE_STANDARD = "gnu++14";
				CLANG_CXX_LIBRARY = "libc++";
				CLANG_ENABLE_MODULES = YES;
				CLANG_ENABLE_OBJC_ARC = YES;
				CLANG_WARN_BLOCK_CAPTURE_AUTORELEASING = YES;
				CLANG_WARN_BOOL_CONVERSION = YES;
				CLANG_WARN_COMMA = YES;
				CLANG_WARN_CONSTANT_CONVERSION = YES;
				CLANG_WARN_DIRECT_OBJC_ISA_USAGE = YES_ERROR;
				CLANG_WARN_DOCUMENTATION_COMMENTS = YES;
				CLANG_WARN_EMPTY_BODY = YES;
				CLANG_WARN_ENUM_CONVERSION = YES;
				CLANG_WARN_INFINITE_RECURSION = YES;
				CLANG_WARN_INT_CONVERSION = YES;
				CLANG_WARN_NON_LITERAL_NULL_CONVERSION = YES;
				CLANG_WARN_OBJC_LITERAL_CONVERSION = YES;
				CLANG_WARN_OBJC_ROOT_CLASS = YES_ERROR;
				CLANG_WARN_RANGE_LOOP_ANALYSIS = YES;
				CLANG_WARN_STRICT_PROTOTYPES = YES;
				CLANG_WARN_SUSPICIOUS_MOVE = YES;
				CLANG_WARN_UNGUARDED_AVAILABILITY = YES_AGGRESSIVE;
				CLANG_WARN_UNREACHABLE_CODE = YES;
				CLANG_WARN__DUPLICATE_METHOD_MATCH = YES;
				CODE_SIGN_IDENTITY = "iPhone Developer";
				COPY_PHASE_STRIP = NO;
				DEBUG_INFORMATION_FORMAT = dwarf;
				ENABLE_STRICT_OBJC_MSGSEND = YES;
				ENABLE_TESTABILITY = YES;
				GCC_C_LANGUAGE_STANDARD = gnu11;
				GCC_DYNAMIC_NO_PIC = NO;
				GCC_NO_COMMON_BLOCKS = YES;
				GCC_OPTIMIZATION_LEVEL = 0;
				GCC_PREPROCESSOR_DEFINITIONS = (
					"DEBUG=1",
					"$(inherited)",
				);
				GCC_WARN_64_TO_32_BIT_CONVERSION = YES;
				GCC_WARN_ABOUT_RETURN_TYPE = YES_ERROR;
				GCC_WARN_UNDECLARED_SELECTOR = YES;
				GCC_WARN_UNINITIALIZED_AUTOS = YES_AGGRESSIVE;
				GCC_WARN_UNUSED_FUNCTION = YES;
				GCC_WARN_UNUSED_VARIABLE = YES;
				IPHONEOS_DEPLOYMENT_TARGET = 11.2;
				MTL_ENABLE_DEBUG_INFO = YES;
				ONLY_ACTIVE_ARCH = YES;
				SDKROOT = iphoneos;
			};
			name = Debug;
		};
		0DAC5F492134D6880008B4AC /* Release */ = {
			isa = XCBuildConfiguration;
			buildSettings = {
				ALWAYS_SEARCH_USER_PATHS = NO;
				CLANG_ANALYZER_NONNULL = YES;
				CLANG_ANALYZER_NUMBER_OBJECT_CONVERSION = YES_AGGRESSIVE;
				CLANG_CXX_LANGUAGE_STANDARD = "gnu++14";
				CLANG_CXX_LIBRARY = "libc++";
				CLANG_ENABLE_MODULES = YES;
				CLANG_ENABLE_OBJC_ARC = YES;
				CLANG_WARN_BLOCK_CAPTURE_AUTORELEASING = YES;
				CLANG_WARN_BOOL_CONVERSION = YES;
				CLANG_WARN_COMMA = YES;
				CLANG_WARN_CONSTANT_CONVERSION = YES;
				CLANG_WARN_DIRECT_OBJC_ISA_USAGE = YES_ERROR;
				CLANG_WARN_DOCUMENTATION_COMMENTS = YES;
				CLANG_WARN_EMPTY_BODY = YES;
				CLANG_WARN_ENUM_CONVERSION = YES;
				CLANG_WARN_INFINITE_RECURSION = YES;
				CLANG_WARN_INT_CONVERSION = YES;
				CLANG_WARN_NON_LITERAL_NULL_CONVERSION = YES;
				CLANG_WARN_OBJC_LITERAL_CONVERSION = YES;
				CLANG_WARN_OBJC_ROOT_CLASS = YES_ERROR;
				CLANG_WARN_RANGE_LOOP_ANALYSIS = YES;
				CLANG_WARN_STRICT_PROTOTYPES = YES;
				CLANG_WARN_SUSPICIOUS_MOVE = YES;
				CLANG_WARN_UNGUARDED_AVAILABILITY = YES_AGGRESSIVE;
				CLANG_WARN_UNREACHABLE_CODE = YES;
				CLANG_WARN__DUPLICATE_METHOD_MATCH = YES;
				CODE_SIGN_IDENTITY = "iPhone Developer";
				COPY_PHASE_STRIP = NO;
				DEBUG_INFORMATION_FORMAT = "dwarf-with-dsym";
				ENABLE_NS_ASSERTIONS = NO;
				ENABLE_STRICT_OBJC_MSGSEND = YES;
				GCC_C_LANGUAGE_STANDARD = gnu11;
				GCC_NO_COMMON_BLOCKS = YES;
				GCC_WARN_64_TO_32_BIT_CONVERSION = YES;
				GCC_WARN_ABOUT_RETURN_TYPE = YES_ERROR;
				GCC_WARN_UNDECLARED_SELECTOR = YES;
				GCC_WARN_UNINITIALIZED_AUTOS = YES_AGGRESSIVE;
				GCC_WARN_UNUSED_FUNCTION = YES;
				GCC_WARN_UNUSED_VARIABLE = YES;
				IPHONEOS_DEPLOYMENT_TARGET = 11.2;
				MTL_ENABLE_DEBUG_INFO = NO;
				SDKROOT = iphoneos;
				VALIDATE_PRODUCT = YES;
			};
			name = Release;
		};
		0DAC5F4B2134D6880008B4AC /* Debug */ = {
			isa = XCBuildConfiguration;
			buildSettings = {
				ASSETCATALOG_COMPILER_APPICON_NAME = AppIcon;
				CODE_SIGN_STYLE = Automatic;
				DEVELOPMENT_TEAM = AUG8R2Q7U7;
				INFOPLIST_FILE = LittleDemo/Info.plist;
				IPHONEOS_DEPLOYMENT_TARGET = 8.0;
				LD_RUNPATH_SEARCH_PATHS = "$(inherited) @executable_path/Frameworks";
				PRODUCT_BUNDLE_IDENTIFIER = zkml.LittleDemo;
				PRODUCT_NAME = "$(TARGET_NAME)";
				TARGETED_DEVICE_FAMILY = "1,2";
			};
			name = Debug;
		};
		0DAC5F4C2134D6880008B4AC /* Release */ = {
			isa = XCBuildConfiguration;
			buildSettings = {
				ASSETCATALOG_COMPILER_APPICON_NAME = AppIcon;
				CODE_SIGN_STYLE = Automatic;
				DEVELOPMENT_TEAM = AUG8R2Q7U7;
				INFOPLIST_FILE = LittleDemo/Info.plist;
				IPHONEOS_DEPLOYMENT_TARGET = 8.0;
				LD_RUNPATH_SEARCH_PATHS = "$(inherited) @executable_path/Frameworks";
				PRODUCT_BUNDLE_IDENTIFIER = zkml.LittleDemo;
				PRODUCT_NAME = "$(TARGET_NAME)";
				TARGETED_DEVICE_FAMILY = "1,2";
			};
			name = Release;
		};
/* End XCBuildConfiguration section */

/* Begin XCConfigurationList section */
		0DAC5F2F2134D6880008B4AC /* Build configuration list for PBXProject "LittleDemo" */ = {
			isa = XCConfigurationList;
			buildConfigurations = (
				0DAC5F482134D6880008B4AC /* Debug */,
				0DAC5F492134D6880008B4AC /* Release */,
			);
			defaultConfigurationIsVisible = 0;
			defaultConfigurationName = Release;
		};
		0DAC5F4A2134D6880008B4AC /* Build configuration list for PBXNativeTarget "LittleDemo" */ = {
			isa = XCConfigurationList;
			buildConfigurations = (
				0DAC5F4B2134D6880008B4AC /* Debug */,
				0DAC5F4C2134D6880008B4AC /* Release */,
			);
			defaultConfigurationIsVisible = 0;
			defaultConfigurationName = Release;
		};
/* End XCConfigurationList section */
	};
	rootObject = 0DAC5F2C2134D6880008B4AC /* Project object */;
}
